
Microsoft Visual Studio Solution File, Format Version 12.00
# Visual Studio 2012
Project("{E24C65DC-7377-472B-9ABA-BC803B73C61A}") = "DemoProject", ".", "{B7CA0C3D-7314-49F2-AB71-F1C8828C86E7}"
	ProjectSection(WebsiteProperties) = preProject
		TargetFrameworkMoniker = ".NETFramework,Version%3Dv4.5"
		Debug.AspNetCompiler.VirtualPath = "/DemoProject"
		Debug.AspNetCompiler.PhysicalPath = "..\DemoProject\"
		Debug.AspNetCompiler.TargetPath = "PrecompiledWeb\DemoProject\"
		Debug.AspNetCompiler.Updateable = "true"
		Debug.AspNetCompiler.ForceOverwrite = "true"
		Debug.AspNetCompiler.FixedNames = "false"
		Debug.AspNetCompiler.Debug = "True"
		Release.AspNetCompiler.VirtualPath = "/DemoProject"
		Release.AspNetCompiler.PhysicalPath = "..\DemoProject\"
		Release.AspNetCompiler.TargetPath = "PrecompiledWeb\DemoProject\"
		Release.AspNetCompiler.Updateable = "true"
		Release.AspNetCompiler.ForceOverwrite = "true"
		Release.AspNetCompiler.FixedNames = "false"
		Release.AspNetCompiler.Debug = "False"
		VWDPort = "64762"
	EndProjectSection
EndProject
Global
	GlobalSection(SolutionConfigurationPlatforms) = preSolution
		Debug|Any CPU = Debug|Any CPU
	EndGlobalSection
	GlobalSection(ProjectConfigurationPlatforms) = postSolution
		{B7CA0C3D-7314-49F2-AB71-F1C8828C86E7}.Debug|Any CPU.ActiveCfg = Debug|Any CPU
		{B7CA0C3D-7314-49F2-AB71-F1C8828C86E7}.Debug|Any CPU.Build.0 = Debug|Any CPU
	EndGlobalSection
	GlobalSection(SolutionProperties) = preSolution
		HideSolutionNode = FALSE
	EndGlobalSection
EndGlobal
